
Microsoft Visual Studio Solution File, Format Version 12.00
# Visual Studio Version 17
VisualStudioVersion = 17.0.31903.59
MinimumVisualStudioVersion = 10.0.40219.1
Project("{FAE04EC0-301F-11D3-BF4B-00C04F79EFBC}") = "RibbitReels.Api", "RibbitReels.Api\RibbitReels.Api.csproj", "{49F6A9DB-9B93-4249-BE5D-EC8C56C8A3CA}"
EndProject
Project("{FAE04EC0-301F-11D3-BF4B-00C04F79EFBC}") = "RibbitReels.Data", "RibbitReels.Data\RibbitReels.Data.csproj", "{ED8E32D1-F522-42D5-A6A2-B88ECDF1D6BD}"
EndProject
Project("{FAE04EC0-301F-11D3-BF4B-00C04F79EFBC}") = "RibbitReels.Services", "RibbitReels.Services\RibbitReels.Services.csproj", "{B465B3C5-6828-4E5C-9BEB-80CACA8738D3}"
EndProject
Project("{FAE04EC0-301F-11D3-BF4B-00C04F79EFBC}") = "RibbitReels.UnitTests", "RibbitReels.UnitTests\RibbitReels.UnitTests.csproj", "{CE96F4C0-D40F-4B40-8B15-69825E2ACEC8}"
EndProject
Project("{FAE04EC0-301F-11D3-BF4B-00C04F79EFBC}") = "RibbitReels.IntegrationTests", "RibbitReels.IntegrationTests\RibbitReels.IntegrationTests.csproj", "{FA1FA973-6AC2-4740-825E-7577A834C6F6}"
EndProject
Project("{FAE04EC0-301F-11D3-BF4B-00C04F79EFBC}") = "RibbitReels.Benchmarks", "RibbitReels.Benchmarks\RibbitReels.Benchmarks.csproj", "{59A227B0-E505-4EE0-B7FB-02551673E877}"
EndProject
Global
	GlobalSection(SolutionConfigurationPlatforms) = preSolution
		Debug|Any CPU = Debug|Any CPU
		Release|Any CPU = Release|Any CPU
	EndGlobalSection
	GlobalSection(SolutionProperties) = preSolution
		HideSolutionNode = FALSE
	EndGlobalSection
	GlobalSection(ProjectConfigurationPlatforms) = postSolution
		{49F6A9DB-9B93-4249-BE5D-EC8C56C8A3CA}.Debug|Any CPU.ActiveCfg = Debug|Any CPU
		{49F6A9DB-9B93-4249-BE5D-EC8C56C8A3CA}.Debug|Any CPU.Build.0 = Debug|Any CPU
		{49F6A9DB-9B93-4249-BE5D-EC8C56C8A3CA}.Release|Any CPU.ActiveCfg = Release|Any CPU
		{49F6A9DB-9B93-4249-BE5D-EC8C56C8A3CA}.Release|Any CPU.Build.0 = Release|Any CPU
		{ED8E32D1-F522-42D5-A6A2-B88ECDF1D6BD}.Debug|Any CPU.ActiveCfg = Debug|Any CPU
		{ED8E32D1-F522-42D5-A6A2-B88ECDF1D6BD}.Debug|Any CPU.Build.0 = Debug|Any CPU
		{ED8E32D1-F522-42D5-A6A2-B88ECDF1D6BD}.Release|Any CPU.ActiveCfg = Release|Any CPU
		{ED8E32D1-F522-42D5-A6A2-B88ECDF1D6BD}.Release|Any CPU.Build.0 = Release|Any CPU
		{B465B3C5-6828-4E5C-9BEB-80CACA8738D3}.Debug|Any CPU.ActiveCfg = Debug|Any CPU
		{B465B3C5-6828-4E5C-9BEB-80CACA8738D3}.Debug|Any CPU.Build.0 = Debug|Any CPU
		{B465B3C5-6828-4E5C-9BEB-80CACA8738D3}.Release|Any CPU.ActiveCfg = Release|Any CPU
		{B465B3C5-6828-4E5C-9BEB-80CACA8738D3}.Release|Any CPU.Build.0 = Release|Any CPU
		{CE96F4C0-D40F-4B40-8B15-69825E2ACEC8}.Debug|Any CPU.ActiveCfg = Debug|Any CPU
		{CE96F4C0-D40F-4B40-8B15-69825E2ACEC8}.Debug|Any CPU.Build.0 = Debug|Any CPU
		{CE96F4C0-D40F-4B40-8B15-69825E2ACEC8}.Release|Any CPU.ActiveCfg = Release|Any CPU
		{CE96F4C0-D40F-4B40-8B15-69825E2ACEC8}.Release|Any CPU.Build.0 = Release|Any CPU
		{FA1FA973-6AC2-4740-825E-7577A834C6F6}.Debug|Any CPU.ActiveCfg = Debug|Any CPU
		{FA1FA973-6AC2-4740-825E-7577A834C6F6}.Debug|Any CPU.Build.0 = Debug|Any CPU
		{FA1FA973-6AC2-4740-825E-7577A834C6F6}.Release|Any CPU.ActiveCfg = Release|Any CPU
		{FA1FA973-6AC2-4740-825E-7577A834C6F6}.Release|Any CPU.Build.0 = Release|Any CPU
		{59A227B0-E505-4EE0-B7FB-02551673E877}.Debug|Any CPU.ActiveCfg = Debug|Any CPU
		{59A227B0-E505-4EE0-B7FB-02551673E877}.Debug|Any CPU.Build.0 = Debug|Any CPU
		{59A227B0-E505-4EE0-B7FB-02551673E877}.Release|Any CPU.ActiveCfg = Release|Any CPU
		{59A227B0-E505-4EE0-B7FB-02551673E877}.Release|Any CPU.Build.0 = Release|Any CPU
	EndGlobalSection
EndGlobal
